PODS:
  - AmazonAd (2.2.15.1)
  - Flutter (1.0.0)
  - Google-Mobile-Ads-SDK (7.52.0):
    - GoogleAppMeasurement (~> 6.0)
  - GoogleAppMeasurement (6.1.7):
    - GoogleUtilities/AppDelegateSwizzler (~> 6.0)
    - GoogleUtilities/MethodSwizzler (~> 6.0)
    - GoogleUtilities/Network (~> 6.0)
    - "GoogleUtilities/NSData+zlib (~> 6.0)"
    - nanopb (= 0.3.9011)
  - GoogleUtilities/AppDelegateSwizzler (6.4.0):
    - GoogleUtilities/Environment
    - GoogleUtilities/Logger
    - GoogleUtilities/Network
  - GoogleUtilities/Environment (6.4.0)
  - GoogleUtilities/Logger (6.4.0):
    - GoogleUtilities/Environment
  - GoogleUtilities/MethodSwizzler (6.4.0):
    - GoogleUtilities/Logger
  - GoogleUtilities/Network (6.4.0):
    - GoogleUtilities/Logger
    - "GoogleUtilities/NSData+zlib"
    - GoogleUtilities/Reachability
  - "GoogleUtilities/NSData+zlib (6.4.0)"
  - GoogleUtilities/Reachability (6.4.0):
    - GoogleUtilities/Logger
  - MoPub-AdMob-Adapters (7.52.0.3):
    - MoPub-AdMob-Adapters/MoPub (= 7.52.0.3)
    - MoPub-AdMob-Adapters/Network (= 7.52.0.3)
  - MoPub-AdMob-Adapters/MoPub (7.52.0.3):
    - mopub-ios-sdk/Core (~> 5.8)
  - MoPub-AdMob-Adapters/Network (7.52.0.3):
    - Google-Mobile-Ads-SDK (= 7.52.0)
    - mopub-ios-sdk/Core (~> 5.8)
  - mopub-ios-sdk (5.10.0):
    - mopub-ios-sdk/MoPubSDK (= 5.10.0)
  - mopub-ios-sdk/Avid (5.10.0):
    - mopub-ios-sdk/Core
  - mopub-ios-sdk/Core (5.10.0)
  - mopub-ios-sdk/Moat (5.10.0):
    - mopub-ios-sdk/Core
  - mopub-ios-sdk/MoPubSDK (5.10.0):
    - mopub-ios-sdk/Avid
    - mopub-ios-sdk/Core
    - mopub-ios-sdk/Moat
  - mopub_flutter (0.0.1):
    - AmazonAd (~> 2.2)
    - Flutter
    - MoPub-AdMob-Adapters (= 7.52.0.3)
    - mopub-ios-sdk (= 5.10.0)
  - nanopb (0.3.9011):
    - nanopb/decode (= 0.3.9011)
    - nanopb/encode (= 0.3.9011)
  - nanopb/decode (0.3.9011)
  - nanopb/encode (0.3.9011)

DEPENDENCIES:
  - Flutter (from `Flutter`)
  - mopub_flutter (from `.symlinks/plugins/mopub_flutter/ios`)

SPEC REPOS:
  https://github.com/CocoaPods/Specs.git:
    - AmazonAd
    - MoPub-AdMob-Adapters
    - mopub-ios-sdk
  trunk:
    - Google-Mobile-Ads-SDK
    - GoogleAppMeasurement
    - GoogleUtilities
    - nanopb

EXTERNAL SOURCES:
  Flutter:
    :path: Flutter
  mopub_flutter:
    :path: ".symlinks/plugins/mopub_flutter/ios"

SPEC CHECKSUMS:
  AmazonAd: 9b7226322bc124343d279a98c28cdae26c48a0e7
  Flutter: 0e3d915762c693b495b44d77113d4970485de6ec
  Google-Mobile-Ads-SDK: 62f6244637306cb60a1b4adda067f53224c7a860
  GoogleAppMeasurement: db118eb61a97dd8c4f7014e368d3c335cbbcf80a
  GoogleUtilities: 29bd0d8f850efbd28cff6d99e8b7da1f8d236bcf
  MoPub-AdMob-Adapters: c912869ef4ca8fa4e55521a3a86ef7903ffea758
  mopub-ios-sdk: 3d65133b95b6498aa871a66818a11a5ba307e565
  mopub_flutter: 3128216675daaee0dbc4724c525e5aef9ff0c1d7
  nanopb: 18003b5e52dab79db540fe93fe9579f399bd1ccd

PODFILE CHECKSUM: e45c292f618eeca3034958d33b444b6e1249b55f

COCOAPODS: 1.9.0.beta.2
